
Microsoft Visual Studio Solution File, Format Version 12.00
# Visual Studio 15
VisualStudioVersion = 15.0.28307.271
MinimumVisualStudioVersion = 10.0.40219.1
Project("{FAE04EC0-301F-11D3-BF4B-00C04F79EFBC}") = "WebStoreAssignment2", "WebStoreAssignment2\WebStoreAssignment2.csproj", "{50116AA6-0DD0-4C7A-A52C-A145603A197B}"
EndProject
Project("{FAE04EC0-301F-11D3-BF4B-00C04F79EFBC}") = "WebStoreAssignment2.Tests", "WebStoreAssignment2.Tests\WebStoreAssignment2.Tests.csproj", "{7B36E1B0-57FD-4DBD-92A4-7161B7CF3BD5}"
EndProject
Global
	GlobalSection(SolutionConfigurationPlatforms) = preSolution
		Debug|Any CPU = Debug|Any CPU
		Release|Any CPU = Release|Any CPU
	EndGlobalSection
	GlobalSection(ProjectConfigurationPlatforms) = postSolution
		{50116AA6-0DD0-4C7A-A52C-A145603A197B}.Debug|Any CPU.ActiveCfg = Debug|Any CPU
		{50116AA6-0DD0-4C7A-A52C-A145603A197B}.Debug|Any CPU.Build.0 = Debug|Any CPU
		{50116AA6-0DD0-4C7A-A52C-A145603A197B}.Release|Any CPU.ActiveCfg = Release|Any CPU
		{50116AA6-0DD0-4C7A-A52C-A145603A197B}.Release|Any CPU.Build.0 = Release|Any CPU
		{7B36E1B0-57FD-4DBD-92A4-7161B7CF3BD5}.Debug|Any CPU.ActiveCfg = Debug|Any CPU
		{7B36E1B0-57FD-4DBD-92A4-7161B7CF3BD5}.Debug|Any CPU.Build.0 = Debug|Any CPU
		{7B36E1B0-57FD-4DBD-92A4-7161B7CF3BD5}.Release|Any CPU.ActiveCfg = Release|Any CPU
		{7B36E1B0-57FD-4DBD-92A4-7161B7CF3BD5}.Release|Any CPU.Build.0 = Release|Any CPU
	EndGlobalSection
	GlobalSection(SolutionProperties) = preSolution
		HideSolutionNode = FALSE
	EndGlobalSection
	GlobalSection(ExtensibilityGlobals) = postSolution
		SolutionGuid = {7C16A789-1371-4861-8B11-30AAEEC9FF85}
	EndGlobalSection
EndGlobal
